
Microsoft Visual Studio Solution File, Format Version 12.00
# Visual Studio Version 17
VisualStudioVersion = 17.5.002.0
MinimumVisualStudioVersion = 10.0.40219.1
Project("{9A19103F-16F7-4668-BE54-9A1E7A4F7556}") = "ordination-api", "ordination-api.csproj", "{39794E6F-F512-4D29-85BD-D4659C0ADEE9}"
EndProject
Global
	GlobalSection(SolutionConfigurationPlatforms) = preSolution
		Debug|Any CPU = Debug|Any CPU
		Release|Any CPU = Release|Any CPU
	EndGlobalSection
	GlobalSection(ProjectConfigurationPlatforms) = postSolution
		{39794E6F-F512-4D29-85BD-D4659C0ADEE9}.Debug|Any CPU.ActiveCfg = Debug|Any CPU
		{39794E6F-F512-4D29-85BD-D4659C0ADEE9}.Debug|Any CPU.Build.0 = Debug|Any CPU
		{39794E6F-F512-4D29-85BD-D4659C0ADEE9}.Release|Any CPU.ActiveCfg = Release|Any CPU
		{39794E6F-F512-4D29-85BD-D4659C0ADEE9}.Release|Any CPU.Build.0 = Release|Any CPU
	EndGlobalSection
	GlobalSection(SolutionProperties) = preSolution
		HideSolutionNode = FALSE
	EndGlobalSection
	GlobalSection(ExtensibilityGlobals) = postSolution
		SolutionGuid = {A99FA654-64E6-4AA7-8D1A-60E7AF88096E}
	EndGlobalSection
EndGlobal
